
Microsoft Visual Studio Solution File, Format Version 12.00
# Visual Studio Version 16
VisualStudioVersion = 16.0.31702.278
MinimumVisualStudioVersion = 10.0.40219.1
Project("{FAE04EC0-301F-11D3-BF4B-00C04F79EFBC}") = "ApiCatalogoLivrosAutistas", "ApiCatalogoLivrosAutistas\ApiCatalogoLivrosAutistas.csproj", "{3BFBC790-91DC-47CA-ACB4-3148D92F0671}"
EndProject
Global
	GlobalSection(SolutionConfigurationPlatforms) = preSolution
		Debug|Any CPU = Debug|Any CPU
		Release|Any CPU = Release|Any CPU
	EndGlobalSection
	GlobalSection(ProjectConfigurationPlatforms) = postSolution
		{3BFBC790-91DC-47CA-ACB4-3148D92F0671}.Debug|Any CPU.ActiveCfg = Debug|Any CPU
		{3BFBC790-91DC-47CA-ACB4-3148D92F0671}.Debug|Any CPU.Build.0 = Debug|Any CPU
		{3BFBC790-91DC-47CA-ACB4-3148D92F0671}.Release|Any CPU.ActiveCfg = Release|Any CPU
		{3BFBC790-91DC-47CA-ACB4-3148D92F0671}.Release|Any CPU.Build.0 = Release|Any CPU
	EndGlobalSection
	GlobalSection(SolutionProperties) = preSolution
		HideSolutionNode = FALSE
	EndGlobalSection
	GlobalSection(ExtensibilityGlobals) = postSolution
		SolutionGuid = {0AD48DB0-F32E-4187-8408-F509B3FE1FEF}
	EndGlobalSection
EndGlobal
